
Microsoft Visual Studio Solution File, Format Version 12.00
# Visual Studio Version 16
VisualStudioVersion = 16.0.30011.22
MinimumVisualStudioVersion = 10.0.40219.1
Project("{FAE04EC0-301F-11D3-BF4B-00C04F79EFBC}") = "DDZ.DotNetCoreWebApp", "DDZ.DotNetCoreWebApp.csproj", "{60370EE6-6C85-45F3-9F78-251F63CCF296}"
EndProject
Global
	GlobalSection(SolutionConfigurationPlatforms) = preSolution
		Debug|Any CPU = Debug|Any CPU
		Release|Any CPU = Release|Any CPU
	EndGlobalSection
	GlobalSection(ProjectConfigurationPlatforms) = postSolution
		{60370EE6-6C85-45F3-9F78-251F63CCF296}.Debug|Any CPU.ActiveCfg = Debug|Any CPU
		{60370EE6-6C85-45F3-9F78-251F63CCF296}.Debug|Any CPU.Build.0 = Debug|Any CPU
		{60370EE6-6C85-45F3-9F78-251F63CCF296}.Release|Any CPU.ActiveCfg = Release|Any CPU
		{60370EE6-6C85-45F3-9F78-251F63CCF296}.Release|Any CPU.Build.0 = Release|Any CPU
	EndGlobalSection
	GlobalSection(SolutionProperties) = preSolution
		HideSolutionNode = FALSE
	EndGlobalSection
	GlobalSection(ExtensibilityGlobals) = postSolution
		SolutionGuid = {51B57FA8-B834-4046-AEAE-BD169B55D09A}
	EndGlobalSection
EndGlobal
